{
  "requires": true,
  "lockfileVersion": 1,
  "dependencies": {
    "sweetalert2": {
      "version": "9.10.5",
      "resolved": "https://registry.npmjs.org/sweetalert2/-/sweetalert2-9.10.5.tgz",
      "integrity": "sha512-B0OCNg7BnaZ30Qgvc8ft0Qlxtz022yWcQY/3E8vtmaE1mZV9/EWQZFLkKJpaMBAKSWiylUhRXLuNqeZxnEHuPA=="
    }
  }
}
